
Microsoft Visual Studio Solution File, Format Version 12.00
# Visual Studio 15
VisualStudioVersion = 15.0.27703.2018
MinimumVisualStudioVersion = 10.0.40219.1
Project("{FAE04EC0-301F-11D3-BF4B-00C04F79EFBC}") = "CoreAPI", "CoreAPI\CoreAPI.csproj", "{05E3C61D-169D-4167-A17B-D6AACAB3C2E3}"
EndProject
Project("{E53339B2-1760-4266-BCC7-CA923CBCF16C}") = "docker-compose", "docker-compose.dcproj", "{64DB9E6F-A506-48AA-9D71-784E2DC799F9}"
EndProject
Global
	GlobalSection(SolutionConfigurationPlatforms) = preSolution
		Debug|Any CPU = Debug|Any CPU
		Release|Any CPU = Release|Any CPU
	EndGlobalSection
	GlobalSection(ProjectConfigurationPlatforms) = postSolution
		{05E3C61D-169D-4167-A17B-D6AACAB3C2E3}.Debug|Any CPU.ActiveCfg = Debug|Any CPU
		{05E3C61D-169D-4167-A17B-D6AACAB3C2E3}.Debug|Any CPU.Build.0 = Debug|Any CPU
		{05E3C61D-169D-4167-A17B-D6AACAB3C2E3}.Release|Any CPU.ActiveCfg = Release|Any CPU
		{05E3C61D-169D-4167-A17B-D6AACAB3C2E3}.Release|Any CPU.Build.0 = Release|Any CPU
		{64DB9E6F-A506-48AA-9D71-784E2DC799F9}.Debug|Any CPU.ActiveCfg = Debug|Any CPU
		{64DB9E6F-A506-48AA-9D71-784E2DC799F9}.Debug|Any CPU.Build.0 = Debug|Any CPU
		{64DB9E6F-A506-48AA-9D71-784E2DC799F9}.Release|Any CPU.ActiveCfg = Release|Any CPU
		{64DB9E6F-A506-48AA-9D71-784E2DC799F9}.Release|Any CPU.Build.0 = Release|Any CPU
	EndGlobalSection
	GlobalSection(SolutionProperties) = preSolution
		HideSolutionNode = FALSE
	EndGlobalSection
	GlobalSection(ExtensibilityGlobals) = postSolution
		SolutionGuid = {CBBC6D24-C804-4800-9E1F-02223B86CDD3}
	EndGlobalSection
EndGlobal
